// !$*UTF8*$!
{
	archiveVersion = 1;
	classes = {
	};
	objectVersion = 55;
	objects = {

/* Begin PBXBuildFile section */
		C1653BEC283FBFA8008E299B /* InstallerTabBarView.swift in Sources */ = {isa = PBXBuildFile; fileRef = C1653BEB283FBFA8008E299B /* InstallerTabBarView.swift */; };
		C17DD30B283D211D00004B20 /* UbernetApp.swift in Sources */ = {isa = PBXBuildFile; fileRef = C17DD30A283D211D00004B20 /* UbernetApp.swift */; };
		C17DD30F283D212400004B20 /* Assets.xcassets in Resources */ = {isa = PBXBuildFile; fileRef = C17DD30E283D212400004B20 /* Assets.xcassets */; };
		C17DD312283D212400004B20 /* Preview Assets.xcassets in Resources */ = {isa = PBXBuildFile; fileRef = C17DD311283D212400004B20 /* Preview Assets.xcassets */; };
		C17DD320283D51A300004B20 /* Providers.swift in Sources */ = {isa = PBXBuildFile; fileRef = C17DD31F283D51A300004B20 /* Providers.swift */; };
		C17DD322283D51D300004B20 /* ProvidersViewModel.swift in Sources */ = {isa = PBXBuildFile; fileRef = C17DD321283D51D200004B20 /* ProvidersViewModel.swift */; };
		C17DD324283D526400004B20 /* PlansView.swift in Sources */ = {isa = PBXBuildFile; fileRef = C17DD323283D526400004B20 /* PlansView.swift */; };
		C1898753283D661E00FD551D /* OnboardingView.swift in Sources */ = {isa = PBXBuildFile; fileRef = C1898752283D661E00FD551D /* OnboardingView.swift */; };
		C1898755283D676700FD551D /* LoginView.swift in Sources */ = {isa = PBXBuildFile; fileRef = C1898754283D676700FD551D /* LoginView.swift */; };
		C1898757283D677000FD551D /* RegisterView.swift in Sources */ = {isa = PBXBuildFile; fileRef = C1898756283D677000FD551D /* RegisterView.swift */; };
		C189875A283D6EBC00FD551D /* FirebaseAuth in Frameworks */ = {isa = PBXBuildFile; productRef = C1898759283D6EBC00FD551D /* FirebaseAuth */; };
		C189875F283D6F9100FD551D /* FirebaseManager.swift in Sources */ = {isa = PBXBuildFile; fileRef = C189875E283D6F9100FD551D /* FirebaseManager.swift */; };
		C1898762283D773B00FD551D /* FirebaseFirestore in Frameworks */ = {isa = PBXBuildFile; productRef = C1898761283D773B00FD551D /* FirebaseFirestore */; };
		C1898764283D773B00FD551D /* FirebaseStorage in Frameworks */ = {isa = PBXBuildFile; productRef = C1898763283D773B00FD551D /* FirebaseStorage */; };
		C1898768283E84AD00FD551D /* UserTabBarView.swift in Sources */ = {isa = PBXBuildFile; fileRef = C1898767283E84AD00FD551D /* UserTabBarView.swift */; };
		C189876C283E853B00FD551D /* InstallersMapView.swift in Sources */ = {isa = PBXBuildFile; fileRef = C189876B283E853B00FD551D /* InstallersMapView.swift */; };
		C189876E283E871500FD551D /* PlanDetailView.swift in Sources */ = {isa = PBXBuildFile; fileRef = C189876D283E871500FD551D /* PlanDetailView.swift */; };
		C1898775283EBA5800FD551D /* BookingInstallationView.swift in Sources */ = {isa = PBXBuildFile; fileRef = C1898774283EBA5800FD551D /* BookingInstallationView.swift */; };
		C1898777283EC07E00FD551D /* InstallationsView.swift in Sources */ = {isa = PBXBuildFile; fileRef = C1898776283EC07E00FD551D /* InstallationsView.swift */; };
		C1898779283ECBC300FD551D /* InstallationDetailView.swift in Sources */ = {isa = PBXBuildFile; fileRef = C1898778283ECBC300FD551D /* InstallationDetailView.swift */; };
		C189877B283ED5B400FD551D /* Launch Screen.storyboard in Resources */ = {isa = PBXBuildFile; fileRef = C189877A283ED5B400FD551D /* Launch Screen.storyboard */; };
		C189877D283FA02900FD551D /* GoogleService-Info.plist in Resources */ = {isa = PBXBuildFile; fileRef = C189877C283FA02900FD551D /* GoogleService-Info.plist */; };
/* End PBXBuildFile section */

/* Begin PBXFileReference section */
		C1653BEB283FBFA8008E299B /* InstallerTabBarView.swift */ = {isa = PBXFileReference; lastKnownFileType = sourcecode.swift; path = InstallerTabBarView.swift; sourceTree = "<group>"; };
		C17DD307283D211D00004B20 /* Ubernet.app */ = {isa = PBXFileReference; explicitFileType = wrapper.application; includeInIndex = 0; path = Ubernet.app; sourceTree = BUILT_PRODUCTS_DIR; };
		C17DD30A283D211D00004B20 /* UbernetApp.swift */ = {isa = PBXFileReference; lastKnownFileType = sourcecode.swift; path = UbernetApp.swift; sourceTree = "<group>"; };
		C17DD30E283D212400004B20 /* Assets.xcassets */ = {isa = PBXFileReference; lastKnownFileType = folder.assetcatalog; path = Assets.xcassets; sourceTree = "<group>"; };
		C17DD311283D212400004B20 /* Preview Assets.xcassets */ = {isa = PBXFileReference; lastKnownFileType = folder.assetcatalog; path = "Preview Assets.xcassets"; sourceTree = "<group>"; };
		C17DD31F283D51A300004B20 /* Providers.swift */ = {isa = PBXFileReference; lastKnownFileType = sourcecode.swift; path = Providers.swift; sourceTree = "<group>"; };
		C17DD321283D51D200004B20 /* ProvidersViewModel.swift */ = {isa = PBXFileReference; lastKnownFileType = sourcecode.swift; path = ProvidersViewModel.swift; sourceTree = "<group>"; };
		C17DD323283D526400004B20 /* PlansView.swift */ = {isa = PBXFileReference; lastKnownFileType = sourcecode.swift; path = PlansView.swift; sourceTree = "<group>"; };
		C1898752283D661E00FD551D /* OnboardingView.swift */ = {isa = PBXFileReference; lastKnownFileType = sourcecode.swift; path = OnboardingView.swift; sourceTree = "<group>"; };
		C1898754283D676700FD551D /* LoginView.swift */ = {isa = PBXFileReference; lastKnownFileType = sourcecode.swift; path = LoginView.swift; sourceTree = "<group>"; };
		C1898756283D677000FD551D /* RegisterView.swift */ = {isa = PBXFileReference; lastKnownFileType = sourcecode.swift; path = RegisterView.swift; sourceTree = "<group>"; };
		C189875E283D6F9100FD551D /* FirebaseManager.swift */ = {isa = PBXFileReference; lastKnownFileType = sourcecode.swift; path = FirebaseManager.swift; sourceTree = "<group>"; };
		C1898767283E84AD00FD551D /* UserTabBarView.swift */ = {isa = PBXFileReference; lastKnownFileType = sourcecode.swift; path = UserTabBarView.swift; sourceTree = "<group>"; };
		C189876B283E853B00FD551D /* InstallersMapView.swift */ = {isa = PBXFileReference; lastKnownFileType = sourcecode.swift; path = InstallersMapView.swift; sourceTree = "<group>"; };
		C189876D283E871500FD551D /* PlanDetailView.swift */ = {isa = PBXFileReference; lastKnownFileType = sourcecode.swift; path = PlanDetailView.swift; sourceTree = "<group>"; };
		C1898774283EBA5800FD551D /* BookingInstallationView.swift */ = {isa = PBXFileReference; lastKnownFileType = sourcecode.swift; path = BookingInstallationView.swift; sourceTree = "<group>"; };
		C1898776283EC07E00FD551D /* InstallationsView.swift */ = {isa = PBXFileReference; lastKnownFileType = sourcecode.swift; path = InstallationsView.swift; sourceTree = "<group>"; };
		C1898778283ECBC300FD551D /* InstallationDetailView.swift */ = {isa = PBXFileReference; lastKnownFileType = sourcecode.swift; path = InstallationDetailView.swift; sourceTree = "<group>"; };
		C189877A283ED5B400FD551D /* Launch Screen.storyboard */ = {isa = PBXFileReference; lastKnownFileType = file.storyboard; path = "Launch Screen.storyboard"; sourceTree = "<group>"; };
		C189877C283FA02900FD551D /* GoogleService-Info.plist */ = {isa = PBXFileReference; fileEncoding = 4; lastKnownFileType = text.plist.xml; path = "GoogleService-Info.plist"; sourceTree = "<group>"; };
/* End PBXFileReference section */

/* Begin PBXFrameworksBuildPhase section */
		C17DD304283D211D00004B20 /* Frameworks */ = {
			isa = PBXFrameworksBuildPhase;
			buildActionMask = 2147483647;
			files = (
				C189875A283D6EBC00FD551D /* FirebaseAuth in Frameworks */,
				C1898762283D773B00FD551D /* FirebaseFirestore in Frameworks */,
				C1898764283D773B00FD551D /* FirebaseStorage in Frameworks */,
			);
			runOnlyForDeploymentPostprocessing = 0;
		};
/* End PBXFrameworksBuildPhase section */

/* Begin PBXGroup section */
		C17DD2FE283D211D00004B20 = {
			isa = PBXGroup;
			children = (
				C17DD309283D211D00004B20 /* Ubernet */,
				C17DD308283D211D00004B20 /* Products */,
			);
			sourceTree = "<group>";
		};
		C17DD308283D211D00004B20 /* Products */ = {
			isa = PBXGroup;
			children = (
				C17DD307283D211D00004B20 /* Ubernet.app */,
			);
			name = Products;
			sourceTree = "<group>";
		};
		C17DD309283D211D00004B20 /* Ubernet */ = {
			isa = PBXGroup;
			children = (
				C17DD30A283D211D00004B20 /* UbernetApp.swift */,
				C189877A283ED5B400FD551D /* Launch Screen.storyboard */,
				C17DD31E283D518800004B20 /* ViewModel */,
				C17DD31D283D518000004B20 /* Model */,
				C17DD318283D217900004B20 /* View */,
				C189875D283D6F8300FD551D /* Firebase */,
				C17DD30E283D212400004B20 /* Assets.xcassets */,
				C189877C283FA02900FD551D /* GoogleService-Info.plist */,
				C17DD310283D212400004B20 /* Preview Content */,
			);
			path = Ubernet;
			sourceTree = "<group>";
		};
		C17DD310283D212400004B20 /* Preview Content */ = {
			isa = PBXGroup;
			children = (
				C17DD311283D212400004B20 /* Preview Assets.xcassets */,
			);
			path = "Preview Content";
			sourceTree = "<group>";
		};
		C17DD318283D217900004B20 /* View */ = {
			isa = PBXGroup;
			children = (
				C17DD323283D526400004B20 /* PlansView.swift */,
				C189876D283E871500FD551D /* PlanDetailView.swift */,
				C1898774283EBA5800FD551D /* BookingInstallationView.swift */,
				C1898752283D661E00FD551D /* OnboardingView.swift */,
				C1898754283D676700FD551D /* LoginView.swift */,
				C1898756283D677000FD551D /* RegisterView.swift */,
				C1898767283E84AD00FD551D /* UserTabBarView.swift */,
				C189876B283E853B00FD551D /* InstallersMapView.swift */,
				C1898776283EC07E00FD551D /* InstallationsView.swift */,
				C1898778283ECBC300FD551D /* InstallationDetailView.swift */,
				C1653BEB283FBFA8008E299B /* InstallerTabBarView.swift */,
			);
			path = View;
			sourceTree = "<group>";
		};
		C17DD31D283D518000004B20 /* Model */ = {
			isa = PBXGroup;
			children = (
				C17DD31F283D51A300004B20 /* Providers.swift */,
			);
			path = Model;
			sourceTree = "<group>";
		};
		C17DD31E283D518800004B20 /* ViewModel */ = {
			isa = PBXGroup;
			children = (
				C17DD321283D51D200004B20 /* ProvidersViewModel.swift */,
			);
			path = ViewModel;
			sourceTree = "<group>";
		};
		C189875D283D6F8300FD551D /* Firebase */ = {
			isa = PBXGroup;
			children = (
				C189875E283D6F9100FD551D /* FirebaseManager.swift */,
			);
			path = Firebase;
			sourceTree = "<group>";
		};
/* End PBXGroup section */

/* Begin PBXNativeTarget section */
		C17DD306283D211D00004B20 /* Ubernet */ = {
			isa = PBXNativeTarget;
			buildConfigurationList = C17DD315283D212400004B20 /* Build configuration list for PBXNativeTarget "Ubernet" */;
			buildPhases = (
				C17DD303283D211D00004B20 /* Sources */,
				C17DD304283D211D00004B20 /* Frameworks */,
				C17DD305283D211D00004B20 /* Resources */,
			);
			buildRules = (
			);
			dependencies = (
			);
			name = Ubernet;
			packageProductDependencies = (
				C1898759283D6EBC00FD551D /* FirebaseAuth */,
				C1898761283D773B00FD551D /* FirebaseFirestore */,
				C1898763283D773B00FD551D /* FirebaseStorage */,
			);
			productName = Ubernet;
			productReference = C17DD307283D211D00004B20 /* Ubernet.app */;
			productType = "com.apple.product-type.application";
		};
/* End PBXNativeTarget section */

/* Begin PBXProject section */
		C17DD2FF283D211D00004B20 /* Project object */ = {
			isa = PBXProject;
			attributes = {
				BuildIndependentTargetsInParallel = 1;
				LastSwiftUpdateCheck = 1340;
				LastUpgradeCheck = 1340;
				TargetAttributes = {
					C17DD306283D211D00004B20 = {
						CreatedOnToolsVersion = 13.4;
					};
				};
			};
			buildConfigurationList = C17DD302283D211D00004B20 /* Build configuration list for PBXProject "Ubernet" */;
			compatibilityVersion = "Xcode 13.0";
			developmentRegion = en;
			hasScannedForEncodings = 0;
			knownRegions = (
				en,
				Base,
			);
			mainGroup = C17DD2FE283D211D00004B20;
			packageReferences = (
				C1898758283D6EBC00FD551D /* XCRemoteSwiftPackageReference "firebase-ios-sdk" */,
				C1898760283D773B00FD551D /* XCRemoteSwiftPackageReference "firebase-ios-sdk" */,
			);
			productRefGroup = C17DD308283D211D00004B20 /* Products */;
			projectDirPath = "";
			projectRoot = "";
			targets = (
				C17DD306283D211D00004B20 /* Ubernet */,
			);
		};
/* End PBXProject section */

/* Begin PBXResourcesBuildPhase section */
		C17DD305283D211D00004B20 /* Resources */ = {
			isa = PBXResourcesBuildPhase;
			buildActionMask = 2147483647;
			files = (
				C17DD312283D212400004B20 /* Preview Assets.xcassets in Resources */,
				C189877D283FA02900FD551D /* GoogleService-Info.plist in Resources */,
				C17DD30F283D212400004B20 /* Assets.xcassets in Resources */,
				C189877B283ED5B400FD551D /* Launch Screen.storyboard in Resources */,
			);
			runOnlyForDeploymentPostprocessing = 0;
		};
/* End PBXResourcesBuildPhase section */

/* Begin PBXSourcesBuildPhase section */
		C17DD303283D211D00004B20 /* Sources */ = {
			isa = PBXSourcesBuildPhase;
			buildActionMask = 2147483647;
			files = (
				C189875F283D6F9100FD551D /* FirebaseManager.swift in Sources */,
				C1653BEC283FBFA8008E299B /* InstallerTabBarView.swift in Sources */,
				C189876C283E853B00FD551D /* InstallersMapView.swift in Sources */,
				C1898768283E84AD00FD551D /* UserTabBarView.swift in Sources */,
				C1898777283EC07E00FD551D /* InstallationsView.swift in Sources */,
				C189876E283E871500FD551D /* PlanDetailView.swift in Sources */,
				C1898755283D676700FD551D /* LoginView.swift in Sources */,
				C17DD30B283D211D00004B20 /* UbernetApp.swift in Sources */,
				C1898775283EBA5800FD551D /* BookingInstallationView.swift in Sources */,
				C17DD322283D51D300004B20 /* ProvidersViewModel.swift in Sources */,
				C1898757283D677000FD551D /* RegisterView.swift in Sources */,
				C17DD324283D526400004B20 /* PlansView.swift in Sources */,
				C1898753283D661E00FD551D /* OnboardingView.swift in Sources */,
				C17DD320283D51A300004B20 /* Providers.swift in Sources */,
				C1898779283ECBC300FD551D /* InstallationDetailView.swift in Sources */,
			);
			runOnlyForDeploymentPostprocessing = 0;
		};
/* End PBXSourcesBuildPhase section */

/* Begin XCBuildConfiguration section */
		C17DD313283D212400004B20 /* Debug */ = {
			isa = XCBuildConfiguration;
			buildSettings = {
				ALWAYS_SEARCH_USER_PATHS = NO;
				CLANG_ANALYZER_NONNULL = YES;
				CLANG_ANALYZER_NUMBER_OBJECT_CONVERSION = YES_AGGRESSIVE;
				CLANG_CXX_LANGUAGE_STANDARD = "gnu++17";
				CLANG_ENABLE_MODULES = YES;
				CLANG_ENABLE_OBJC_ARC = YES;
				CLANG_ENABLE_OBJC_WEAK = YES;
				CLANG_WARN_BLOCK_CAPTURE_AUTORELEASING = YES;
				CLANG_WARN_BOOL_CONVERSION = YES;
				CLANG_WARN_COMMA = YES;
				CLANG_WARN_CONSTANT_CONVERSION = YES;
				CLANG_WARN_DEPRECATED_OBJC_IMPLEMENTATIONS = YES;
				CLANG_WARN_DIRECT_OBJC_ISA_USAGE = YES_ERROR;
				CLANG_WARN_DOCUMENTATION_COMMENTS = YES;
				CLANG_WARN_EMPTY_BODY = YES;
				CLANG_WARN_ENUM_CONVERSION = YES;
				CLANG_WARN_INFINITE_RECURSION = YES;
				CLANG_WARN_INT_CONVERSION = YES;
				CLANG_WARN_NON_LITERAL_NULL_CONVERSION = YES;
				CLANG_WARN_OBJC_IMPLICIT_RETAIN_SELF = YES;
				CLANG_WARN_OBJC_LITERAL_CONVERSION = YES;
				CLANG_WARN_OBJC_ROOT_CLASS = YES_ERROR;
				CLANG_WARN_QUOTED_INCLUDE_IN_FRAMEWORK_HEADER = YES;
				CLANG_WARN_RANGE_LOOP_ANALYSIS = YES;
				CLANG_WARN_STRICT_PROTOTYPES = YES;
				CLANG_WARN_SUSPICIOUS_MOVE = YES;
				CLANG_WARN_UNGUARDED_AVAILABILITY = YES_AGGRESSIVE;
				CLANG_WARN_UNREACHABLE_CODE = YES;
				CLANG_WARN__DUPLICATE_METHOD_MATCH = YES;
				COPY_PHASE_STRIP = NO;
				DEBUG_INFORMATION_FORMAT = dwarf;
				ENABLE_STRICT_OBJC_MSGSEND = YES;
				ENABLE_TESTABILITY = YES;
				GCC_C_LANGUAGE_STANDARD = gnu11;
				GCC_DYNAMIC_NO_PIC = NO;
				GCC_NO_COMMON_BLOCKS = YES;
				GCC_OPTIMIZATION_LEVEL = 0;
				GCC_PREPROCESSOR_DEFINITIONS = (
					"DEBUG=1",
					"$(inherited)",
				);
				GCC_WARN_64_TO_32_BIT_CONVERSION = YES;
				GCC_WARN_ABOUT_RETURN_TYPE = YES_ERROR;
				GCC_WARN_UNDECLARED_SELECTOR = YES;
				GCC_WARN_UNINITIALIZED_AUTOS = YES_AGGRESSIVE;
				GCC_WARN_UNUSED_FUNCTION = YES;
				GCC_WARN_UNUSED_VARIABLE = YES;
				IPHONEOS_DEPLOYMENT_TARGET = 15.5;
				MTL_ENABLE_DEBUG_INFO = INCLUDE_SOURCE;
				MTL_FAST_MATH = YES;
				ONLY_ACTIVE_ARCH = YES;
				SDKROOT = iphoneos;
				SWIFT_ACTIVE_COMPILATION_CONDITIONS = DEBUG;
				SWIFT_OPTIMIZATION_LEVEL = "-Onone";
			};
			name = Debug;
		};
		C17DD314283D212400004B20 /* Release */ = {
			isa = XCBuildConfiguration;
			buildSettings = {
				ALWAYS_SEARCH_USER_PATHS = NO;
				CLANG_ANALYZER_NONNULL = YES;
				CLANG_ANALYZER_NUMBER_OBJECT_CONVERSION = YES_AGGRESSIVE;
				CLANG_CXX_LANGUAGE_STANDARD = "gnu++17";
				CLANG_ENABLE_MODULES = YES;
				CLANG_ENABLE_OBJC_ARC = YES;
				CLANG_ENABLE_OBJC_WEAK = YES;
				CLANG_WARN_BLOCK_CAPTURE_AUTORELEASING = YES;
				CLANG_WARN_BOOL_CONVERSION = YES;
				CLANG_WARN_COMMA = YES;
				CLANG_WARN_CONSTANT_CONVERSION = YES;
				CLANG_WARN_DEPRECATED_OBJC_IMPLEMENTATIONS = YES;
				CLANG_WARN_DIRECT_OBJC_ISA_USAGE = YES_ERROR;
				CLANG_WARN_DOCUMENTATION_COMMENTS = YES;
				CLANG_WARN_EMPTY_BODY = YES;
				CLANG_WARN_ENUM_CONVERSION = YES;
				CLANG_WARN_INFINITE_RECURSION = YES;
				CLANG_WARN_INT_CONVERSION = YES;
				CLANG_WARN_NON_LITERAL_NULL_CONVERSION = YES;
				CLANG_WARN_OBJC_IMPLICIT_RETAIN_SELF = YES;
				CLANG_WARN_OBJC_LITERAL_CONVERSION = YES;
				CLANG_WARN_OBJC_ROOT_CLASS = YES_ERROR;
				CLANG_WARN_QUOTED_INCLUDE_IN_FRAMEWORK_HEADER = YES;
				CLANG_WARN_RANGE_LOOP_ANALYSIS = YES;
				CLANG_WARN_STRICT_PROTOTYPES = YES;
				CLANG_WARN_SUSPICIOUS_MOVE = YES;
				CLANG_WARN_UNGUARDED_AVAILABILITY = YES_AGGRESSIVE;
				CLANG_WARN_UNREACHABLE_CODE = YES;
				CLANG_WARN__DUPLICATE_METHOD_MATCH = YES;
				COPY_PHASE_STRIP = NO;
				DEBUG_INFORMATION_FORMAT = "dwarf-with-dsym";
				ENABLE_NS_ASSERTIONS = NO;
				ENABLE_STRICT_OBJC_MSGSEND = YES;
				GCC_C_LANGUAGE_STANDARD = gnu11;
				GCC_NO_COMMON_BLOCKS = YES;
				GCC_WARN_64_TO_32_BIT_CONVERSION = YES;
				GCC_WARN_ABOUT_RETURN_TYPE = YES_ERROR;
				GCC_WARN_UNDECLARED_SELECTOR = YES;
				GCC_WARN_UNINITIALIZED_AUTOS = YES_AGGRESSIVE;
				GCC_WARN_UNUSED_FUNCTION = YES;
				GCC_WARN_UNUSED_VARIABLE = YES;
				IPHONEOS_DEPLOYMENT_TARGET = 15.5;
				MTL_ENABLE_DEBUG_INFO = NO;
				MTL_FAST_MATH = YES;
				SDKROOT = iphoneos;
				SWIFT_COMPILATION_MODE = wholemodule;
				SWIFT_OPTIMIZATION_LEVEL = "-O";
				VALIDATE_PRODUCT = YES;
			};
			name = Release;
		};
		C17DD316283D212400004B20 /* Debug */ = {
			isa = XCBuildConfiguration;
			buildSettings = {
				ASSETCATALOG_COMPILER_APPICON_NAME = AppIcon;
				ASSETCATALOG_COMPILER_GLOBAL_ACCENT_COLOR_NAME = AccentColor;
				CODE_SIGN_STYLE = Automatic;
				CURRENT_PROJECT_VERSION = 1;
				DEVELOPMENT_ASSET_PATHS = "\"Ubernet/Preview Content\"";
				DEVELOPMENT_TEAM = 9QH8M89WF9;
				ENABLE_PREVIEWS = YES;
				GENERATE_INFOPLIST_FILE = YES;
				INFOPLIST_KEY_UIApplicationSceneManifest_Generation = YES;
				INFOPLIST_KEY_UIApplicationSupportsIndirectInputEvents = YES;
				INFOPLIST_KEY_UILaunchScreen_Generation = YES;
				INFOPLIST_KEY_UILaunchStoryboardName = "Launch Screen";
				INFOPLIST_KEY_UISupportedInterfaceOrientations_iPad = "UIInterfaceOrientationPortrait UIInterfaceOrientationPortraitUpsideDown UIInterfaceOrientationLandscapeLeft UIInterfaceOrientationLandscapeRight";
				INFOPLIST_KEY_UISupportedInterfaceOrientations_iPhone = "UIInterfaceOrientationPortrait UIInterfaceOrientationLandscapeLeft UIInterfaceOrientationLandscapeRight";
				LD_RUNPATH_SEARCH_PATHS = (
					"$(inherited)",
					"@executable_path/Frameworks",
				);
				MARKETING_VERSION = 1.0;
				PRODUCT_BUNDLE_IDENTIFIER = com.fabiofiorita.Ubernet;
				PRODUCT_NAME = "$(TARGET_NAME)";
				SWIFT_EMIT_LOC_STRINGS = YES;
				SWIFT_VERSION = 5.0;
				TARGETED_DEVICE_FAMILY = "1,2";
			};
			name = Debug;
		};
		C17DD317283D212400004B20 /* Release */ = {
			isa = XCBuildConfiguration;
			buildSettings = {
				ASSETCATALOG_COMPILER_APPICON_NAME = AppIcon;
				ASSETCATALOG_COMPILER_GLOBAL_ACCENT_COLOR_NAME = AccentColor;
				CODE_SIGN_STYLE = Automatic;
				CURRENT_PROJECT_VERSION = 1;
				DEVELOPMENT_ASSET_PATHS = "\"Ubernet/Preview Content\"";
				DEVELOPMENT_TEAM = 9QH8M89WF9;
				ENABLE_PREVIEWS = YES;
				GENERATE_INFOPLIST_FILE = YES;
				INFOPLIST_KEY_UIApplicationSceneManifest_Generation = YES;
				INFOPLIST_KEY_UIApplicationSupportsIndirectInputEvents = YES;
				INFOPLIST_KEY_UILaunchScreen_Generation = YES;
				INFOPLIST_KEY_UILaunchStoryboardName = "Launch Screen";
				INFOPLIST_KEY_UISupportedInterfaceOrientations_iPad = "UIInterfaceOrientationPortrait UIInterfaceOrientationPortraitUpsideDown UIInterfaceOrientationLandscapeLeft UIInterfaceOrientationLandscapeRight";
				INFOPLIST_KEY_UISupportedInterfaceOrientations_iPhone = "UIInterfaceOrientationPortrait UIInterfaceOrientationLandscapeLeft UIInterfaceOrientationLandscapeRight";
				LD_RUNPATH_SEARCH_PATHS = (
					"$(inherited)",
					"@executable_path/Frameworks",
				);
				MARKETING_VERSION = 1.0;
				PRODUCT_BUNDLE_IDENTIFIER = com.fabiofiorita.Ubernet;
				PRODUCT_NAME = "$(TARGET_NAME)";
				SWIFT_EMIT_LOC_STRINGS = YES;
				SWIFT_VERSION = 5.0;
				TARGETED_DEVICE_FAMILY = "1,2";
			};
			name = Release;
		};
/* End XCBuildConfiguration section */

/* Begin XCConfigurationList section */
		C17DD302283D211D00004B20 /* Build configuration list for PBXProject "Ubernet" */ = {
			isa = XCConfigurationList;
			buildConfigurations = (
				C17DD313283D212400004B20 /* Debug */,
				C17DD314283D212400004B20 /* Release */,
			);
			defaultConfigurationIsVisible = 0;
			defaultConfigurationName = Release;
		};
		C17DD315283D212400004B20 /* Build configuration list for PBXNativeTarget "Ubernet" */ = {
			isa = XCConfigurationList;
			buildConfigurations = (
				C17DD316283D212400004B20 /* Debug */,
				C17DD317283D212400004B20 /* Release */,
			);
			defaultConfigurationIsVisible = 0;
			defaultConfigurationName = Release;
		};
/* End XCConfigurationList section */

/* Begin XCRemoteSwiftPackageReference section */
		C1898758283D6EBC00FD551D /* XCRemoteSwiftPackageReference "firebase-ios-sdk" */ = {
			isa = XCRemoteSwiftPackageReference;
			repositoryURL = "https://github.com/firebase/firebase-ios-sdk.git";
			requirement = {
				kind = upToNextMajorVersion;
				minimumVersion = 9.0.0;
			};
		};
		C1898760283D773B00FD551D /* XCRemoteSwiftPackageReference "firebase-ios-sdk" */ = {
			isa = XCRemoteSwiftPackageReference;
			repositoryURL = "https://github.com/firebase/firebase-ios-sdk.git";
			requirement = {
				branch = master;
				kind = branch;
			};
		};
/* End XCRemoteSwiftPackageReference section */

/* Begin XCSwiftPackageProductDependency section */
		C1898759283D6EBC00FD551D /* FirebaseAuth */ = {
			isa = XCSwiftPackageProductDependency;
			package = C1898758283D6EBC00FD551D /* XCRemoteSwiftPackageReference "firebase-ios-sdk" */;
			productName = FirebaseAuth;
		};
		C1898761283D773B00FD551D /* FirebaseFirestore */ = {
			isa = XCSwiftPackageProductDependency;
			package = C1898760283D773B00FD551D /* XCRemoteSwiftPackageReference "firebase-ios-sdk" */;
			productName = FirebaseFirestore;
		};
		C1898763283D773B00FD551D /* FirebaseStorage */ = {
			isa = XCSwiftPackageProductDependency;
			package = C1898760283D773B00FD551D /* XCRemoteSwiftPackageReference "firebase-ios-sdk" */;
			productName = FirebaseStorage;
		};
/* End XCSwiftPackageProductDependency section */
	};
	rootObject = C17DD2FF283D211D00004B20 /* Project object */;
}
